
Microsoft Visual Studio Solution File, Format Version 12.00
# Visual Studio Version 16
VisualStudioVersion = 16.0.30309.148
MinimumVisualStudioVersion = 10.0.40219.1
Project("{FAE04EC0-301F-11D3-BF4B-00C04F79EFBC}") = "Lenny's Tool ^^", "Lenny's Tool ^^\Lenny's Tool ^^.csproj", "{B4A45D3A-2152-452D-9739-6FBFCA02EE95}"
EndProject
Global
	GlobalSection(SolutionConfigurationPlatforms) = preSolution
		Debug|Any CPU = Debug|Any CPU
		Release|Any CPU = Release|Any CPU
	EndGlobalSection
	GlobalSection(ProjectConfigurationPlatforms) = postSolution
		{B4A45D3A-2152-452D-9739-6FBFCA02EE95}.Debug|Any CPU.ActiveCfg = Debug|Any CPU
		{B4A45D3A-2152-452D-9739-6FBFCA02EE95}.Debug|Any CPU.Build.0 = Debug|Any CPU
		{B4A45D3A-2152-452D-9739-6FBFCA02EE95}.Release|Any CPU.ActiveCfg = Release|Any CPU
		{B4A45D3A-2152-452D-9739-6FBFCA02EE95}.Release|Any CPU.Build.0 = Release|Any CPU
	EndGlobalSection
	GlobalSection(SolutionProperties) = preSolution
		HideSolutionNode = FALSE
	EndGlobalSection
	GlobalSection(ExtensibilityGlobals) = postSolution
		SolutionGuid = {CF3CBE17-C2CA-496B-9071-0F01A83FE530}
	EndGlobalSection
EndGlobal
